// !$*UTF8*$!
{
	archiveVersion = 1;
	classes = {
	};
	objectVersion = 56;
	objects = {

/* Begin PBXBuildFile section */
		84B74D4C2C27CC5A00DFDFD8 /* projectApp.swift in Sources */ = {isa = PBXBuildFile; fileRef = 84B74D4B2C27CC5A00DFDFD8 /* projectApp.swift */; };
		84B74D4E2C27CC5A00DFDFD8 /* ContentView.swift in Sources */ = {isa = PBXBuildFile; fileRef = 84B74D4D2C27CC5A00DFDFD8 /* ContentView.swift */; };
		84B74D502C27CC5B00DFDFD8 /* Assets.xcassets in Resources */ = {isa = PBXBuildFile; fileRef = 84B74D4F2C27CC5B00DFDFD8 /* Assets.xcassets */; };
		84B74D532C27CC5B00DFDFD8 /* Preview Assets.xcassets in Resources */ = {isa = PBXBuildFile; fileRef = 84B74D522C27CC5B00DFDFD8 /* Preview Assets.xcassets */; };
		84B74D5D2C27CC5B00DFDFD8 /* projectTests.swift in Sources */ = {isa = PBXBuildFile; fileRef = 84B74D5C2C27CC5B00DFDFD8 /* projectTests.swift */; };
		84B74D672C27CC5B00DFDFD8 /* projectUITests.swift in Sources */ = {isa = PBXBuildFile; fileRef = 84B74D662C27CC5B00DFDFD8 /* projectUITests.swift */; };
		84B74D692C27CC5B00DFDFD8 /* projectUITestsLaunchTests.swift in Sources */ = {isa = PBXBuildFile; fileRef = 84B74D682C27CC5B00DFDFD8 /* projectUITestsLaunchTests.swift */; };
		84B74D762C27D6D400DFDFD8 /* SwiftUIView.swift in Sources */ = {isa = PBXBuildFile; fileRef = 84B74D752C27D6D400DFDFD8 /* SwiftUIView.swift */; };
/* End PBXBuildFile section */

/* Begin PBXContainerItemProxy section */
		84B74D592C27CC5B00DFDFD8 /* PBXContainerItemProxy */ = {
			isa = PBXContainerItemProxy;
			containerPortal = 84B74D402C27CC5A00DFDFD8 /* Project object */;
			proxyType = 1;
			remoteGlobalIDString = 84B74D472C27CC5A00DFDFD8;
			remoteInfo = project;
		};
		84B74D632C27CC5B00DFDFD8 /* PBXContainerItemProxy */ = {
			isa = PBXContainerItemProxy;
			containerPortal = 84B74D402C27CC5A00DFDFD8 /* Project object */;
			proxyType = 1;
			remoteGlobalIDString = 84B74D472C27CC5A00DFDFD8;
			remoteInfo = project;
		};
/* End PBXContainerItemProxy section */

/* Begin PBXFileReference section */
		84B74D482C27CC5A00DFDFD8 /* project.app */ = {isa = PBXFileReference; explicitFileType = wrapper.application; includeInIndex = 0; path = project.app; sourceTree = BUILT_PRODUCTS_DIR; };
		84B74D4B2C27CC5A00DFDFD8 /* projectApp.swift */ = {isa = PBXFileReference; lastKnownFileType = sourcecode.swift; path = projectApp.swift; sourceTree = "<group>"; };
		84B74D4D2C27CC5A00DFDFD8 /* ContentView.swift */ = {isa = PBXFileReference; lastKnownFileType = sourcecode.swift; path = ContentView.swift; sourceTree = "<group>"; };
		84B74D4F2C27CC5B00DFDFD8 /* Assets.xcassets */ = {isa = PBXFileReference; lastKnownFileType = folder.assetcatalog; path = Assets.xcassets; sourceTree = "<group>"; };
		84B74D522C27CC5B00DFDFD8 /* Preview Assets.xcassets */ = {isa = PBXFileReference; lastKnownFileType = folder.assetcatalog; path = "Preview Assets.xcassets"; sourceTree = "<group>"; };
		84B74D582C27CC5B00DFDFD8 /* projectTests.xctest */ = {isa = PBXFileReference; explicitFileType = wrapper.cfbundle; includeInIndex = 0; path = projectTests.xctest; sourceTree = BUILT_PRODUCTS_DIR; };
		84B74D5C2C27CC5B00DFDFD8 /* projectTests.swift */ = {isa = PBXFileReference; lastKnownFileType = sourcecode.swift; path = projectTests.swift; sourceTree = "<group>"; };
		84B74D622C27CC5B00DFDFD8 /* projectUITests.xctest */ = {isa = PBXFileReference; explicitFileType = wrapper.cfbundle; includeInIndex = 0; path = projectUITests.xctest; sourceTree = BUILT_PRODUCTS_DIR; };
		84B74D662C27CC5B00DFDFD8 /* projectUITests.swift */ = {isa = PBXFileReference; lastKnownFileType = sourcecode.swift; path = projectUITests.swift; sourceTree = "<group>"; };
		84B74D682C27CC5B00DFDFD8 /* projectUITestsLaunchTests.swift */ = {isa = PBXFileReference; lastKnownFileType = sourcecode.swift; path = projectUITestsLaunchTests.swift; sourceTree = "<group>"; };
		84B74D752C27D6D400DFDFD8 /* SwiftUIView.swift */ = {isa = PBXFileReference; lastKnownFileType = sourcecode.swift; path = SwiftUIView.swift; sourceTree = "<group>"; };
/* End PBXFileReference section */

/* Begin PBXFrameworksBuildPhase section */
		84B74D452C27CC5A00DFDFD8 /* Frameworks */ = {
			isa = PBXFrameworksBuildPhase;
			buildActionMask = 2147483647;
			files = (
			);
			runOnlyForDeploymentPostprocessing = 0;
		};
		84B74D552C27CC5B00DFDFD8 /* Frameworks */ = {
			isa = PBXFrameworksBuildPhase;
			buildActionMask = 2147483647;
			files = (
			);
			runOnlyForDeploymentPostprocessing = 0;
		};
		84B74D5F2C27CC5B00DFDFD8 /* Frameworks */ = {
			isa = PBXFrameworksBuildPhase;
			buildActionMask = 2147483647;
			files = (
			);
			runOnlyForDeploymentPostprocessing = 0;
		};
/* End PBXFrameworksBuildPhase section */

/* Begin PBXGroup section */
		84B74D3F2C27CC5A00DFDFD8 = {
			isa = PBXGroup;
			children = (
				84B74D752C27D6D400DFDFD8 /* SwiftUIView.swift */,
				84B74D4A2C27CC5A00DFDFD8 /* project */,
				84B74D5B2C27CC5B00DFDFD8 /* projectTests */,
				84B74D652C27CC5B00DFDFD8 /* projectUITests */,
				84B74D492C27CC5A00DFDFD8 /* Products */,
			);
			sourceTree = "<group>";
		};
		84B74D492C27CC5A00DFDFD8 /* Products */ = {
			isa = PBXGroup;
			children = (
				84B74D482C27CC5A00DFDFD8 /* project.app */,
				84B74D582C27CC5B00DFDFD8 /* projectTests.xctest */,
				84B74D622C27CC5B00DFDFD8 /* projectUITests.xctest */,
			);
			name = Products;
			sourceTree = "<group>";
		};
		84B74D4A2C27CC5A00DFDFD8 /* project */ = {
			isa = PBXGroup;
			children = (
				84B74D4B2C27CC5A00DFDFD8 /* projectApp.swift */,
				84B74D4D2C27CC5A00DFDFD8 /* ContentView.swift */,
				84B74D4F2C27CC5B00DFDFD8 /* Assets.xcassets */,
				84B74D512C27CC5B00DFDFD8 /* Preview Content */,
			);
			path = project;
			sourceTree = "<group>";
		};
		84B74D512C27CC5B00DFDFD8 /* Preview Content */ = {
			isa = PBXGroup;
			children = (
				84B74D522C27CC5B00DFDFD8 /* Preview Assets.xcassets */,
			);
			path = "Preview Content";
			sourceTree = "<group>";
		};
		84B74D5B2C27CC5B00DFDFD8 /* projectTests */ = {
			isa = PBXGroup;
			children = (
				84B74D5C2C27CC5B00DFDFD8 /* projectTests.swift */,
			);
			path = projectTests;
			sourceTree = "<group>";
		};
		84B74D652C27CC5B00DFDFD8 /* projectUITests */ = {
			isa = PBXGroup;
			children = (
				84B74D662C27CC5B00DFDFD8 /* projectUITests.swift */,
				84B74D682C27CC5B00DFDFD8 /* projectUITestsLaunchTests.swift */,
			);
			path = projectUITests;
			sourceTree = "<group>";
		};
/* End PBXGroup section */

/* Begin PBXNativeTarget section */
		84B74D472C27CC5A00DFDFD8 /* project */ = {
			isa = PBXNativeTarget;
			buildConfigurationList = 84B74D6C2C27CC5B00DFDFD8 /* Build configuration list for PBXNativeTarget "project" */;
			buildPhases = (
				84B74D442C27CC5A00DFDFD8 /* Sources */,
				84B74D452C27CC5A00DFDFD8 /* Frameworks */,
				84B74D462C27CC5A00DFDFD8 /* Resources */,
			);
			buildRules = (
			);
			dependencies = (
			);
			name = project;
			productName = project;
			productReference = 84B74D482C27CC5A00DFDFD8 /* project.app */;
			productType = "com.apple.product-type.application";
		};
		84B74D572C27CC5B00DFDFD8 /* projectTests */ = {
			isa = PBXNativeTarget;
			buildConfigurationList = 84B74D6F2C27CC5B00DFDFD8 /* Build configuration list for PBXNativeTarget "projectTests" */;
			buildPhases = (
				84B74D542C27CC5B00DFDFD8 /* Sources */,
				84B74D552C27CC5B00DFDFD8 /* Frameworks */,
				84B74D562C27CC5B00DFDFD8 /* Resources */,
			);
			buildRules = (
			);
			dependencies = (
				84B74D5A2C27CC5B00DFDFD8 /* PBXTargetDependency */,
			);
			name = projectTests;
			productName = projectTests;
			productReference = 84B74D582C27CC5B00DFDFD8 /* projectTests.xctest */;
			productType = "com.apple.product-type.bundle.unit-test";
		};
		84B74D612C27CC5B00DFDFD8 /* projectUITests */ = {
			isa = PBXNativeTarget;
			buildConfigurationList = 84B74D722C27CC5B00DFDFD8 /* Build configuration list for PBXNativeTarget "projectUITests" */;
			buildPhases = (
				84B74D5E2C27CC5B00DFDFD8 /* Sources */,
				84B74D5F2C27CC5B00DFDFD8 /* Frameworks */,
				84B74D602C27CC5B00DFDFD8 /* Resources */,
			);
			buildRules = (
			);
			dependencies = (
				84B74D642C27CC5B00DFDFD8 /* PBXTargetDependency */,
			);
			name = projectUITests;
			productName = projectUITests;
			productReference = 84B74D622C27CC5B00DFDFD8 /* projectUITests.xctest */;
			productType = "com.apple.product-type.bundle.ui-testing";
		};
/* End PBXNativeTarget section */

/* Begin PBXProject section */
		84B74D402C27CC5A00DFDFD8 /* Project object */ = {
			isa = PBXProject;
			attributes = {
				BuildIndependentTargetsInParallel = 1;
				LastSwiftUpdateCheck = 1540;
				LastUpgradeCheck = 1540;
				TargetAttributes = {
					84B74D472C27CC5A00DFDFD8 = {
						CreatedOnToolsVersion = 15.4;
					};
					84B74D572C27CC5B00DFDFD8 = {
						CreatedOnToolsVersion = 15.4;
						TestTargetID = 84B74D472C27CC5A00DFDFD8;
					};
					84B74D612C27CC5B00DFDFD8 = {
						CreatedOnToolsVersion = 15.4;
						TestTargetID = 84B74D472C27CC5A00DFDFD8;
					};
				};
			};
			buildConfigurationList = 84B74D432C27CC5A00DFDFD8 /* Build configuration list for PBXProject "project" */;
			compatibilityVersion = "Xcode 14.0";
			developmentRegion = en;
			hasScannedForEncodings = 0;
			knownRegions = (
				en,
				Base,
			);
			mainGroup = 84B74D3F2C27CC5A00DFDFD8;
			productRefGroup = 84B74D492C27CC5A00DFDFD8 /* Products */;
			projectDirPath = "";
			projectRoot = "";
			targets = (
				84B74D472C27CC5A00DFDFD8 /* project */,
				84B74D572C27CC5B00DFDFD8 /* projectTests */,
				84B74D612C27CC5B00DFDFD8 /* projectUITests */,
			);
		};
/* End PBXProject section */

/* Begin PBXResourcesBuildPhase section */
		84B74D462C27CC5A00DFDFD8 /* Resources */ = {
			isa = PBXResourcesBuildPhase;
			buildActionMask = 2147483647;
			files = (
				84B74D532C27CC5B00DFDFD8 /* Preview Assets.xcassets in Resources */,
				84B74D502C27CC5B00DFDFD8 /* Assets.xcassets in Resources */,
			);
			runOnlyForDeploymentPostprocessing = 0;
		};
		84B74D562C27CC5B00DFDFD8 /* Resources */ = {
			isa = PBXResourcesBuildPhase;
			buildActionMask = 2147483647;
			files = (
			);
			runOnlyForDeploymentPostprocessing = 0;
		};
		84B74D602C27CC5B00DFDFD8 /* Resources */ = {
			isa = PBXResourcesBuildPhase;
			buildActionMask = 2147483647;
			files = (
			);
			runOnlyForDeploymentPostprocessing = 0;
		};
/* End PBXResourcesBuildPhase section */

/* Begin PBXSourcesBuildPhase section */
		84B74D442C27CC5A00DFDFD8 /* Sources */ = {
			isa = PBXSourcesBuildPhase;
			buildActionMask = 2147483647;
			files = (
				84B74D4E2C27CC5A00DFDFD8 /* ContentView.swift in Sources */,
				84B74D4C2C27CC5A00DFDFD8 /* projectApp.swift in Sources */,
				84B74D762C27D6D400DFDFD8 /* SwiftUIView.swift in Sources */,
			);
			runOnlyForDeploymentPostprocessing = 0;
		};
		84B74D542C27CC5B00DFDFD8 /* Sources */ = {
			isa = PBXSourcesBuildPhase;
			buildActionMask = 2147483647;
			files = (
				84B74D5D2C27CC5B00DFDFD8 /* projectTests.swift in Sources */,
			);
			runOnlyForDeploymentPostprocessing = 0;
		};
		84B74D5E2C27CC5B00DFDFD8 /* Sources */ = {
			isa = PBXSourcesBuildPhase;
			buildActionMask = 2147483647;
			files = (
				84B74D692C27CC5B00DFDFD8 /* projectUITestsLaunchTests.swift in Sources */,
				84B74D672C27CC5B00DFDFD8 /* projectUITests.swift in Sources */,
			);
			runOnlyForDeploymentPostprocessing = 0;
		};
/* End PBXSourcesBuildPhase section */

/* Begin PBXTargetDependency section */
		84B74D5A2C27CC5B00DFDFD8 /* PBXTargetDependency */ = {
			isa = PBXTargetDependency;
			target = 84B74D472C27CC5A00DFDFD8 /* project */;
			targetProxy = 84B74D592C27CC5B00DFDFD8 /* PBXContainerItemProxy */;
		};
		84B74D642C27CC5B00DFDFD8 /* PBXTargetDependency */ = {
			isa = PBXTargetDependency;
			target = 84B74D472C27CC5A00DFDFD8 /* project */;
			targetProxy = 84B74D632C27CC5B00DFDFD8 /* PBXContainerItemProxy */;
		};
/* End PBXTargetDependency section */

/* Begin XCBuildConfiguration section */
		84B74D6A2C27CC5B00DFDFD8 /* Debug */ = {
			isa = XCBuildConfiguration;
			buildSettings = {
				ALWAYS_SEARCH_USER_PATHS = NO;
				ASSETCATALOG_COMPILER_GENERATE_SWIFT_ASSET_SYMBOL_EXTENSIONS = YES;
				CLANG_ANALYZER_NONNULL = YES;
				CLANG_ANALYZER_NUMBER_OBJECT_CONVERSION = YES_AGGRESSIVE;
				CLANG_CXX_LANGUAGE_STANDARD = "gnu++20";
				CLANG_ENABLE_MODULES = YES;
				CLANG_ENABLE_OBJC_ARC = YES;
				CLANG_ENABLE_OBJC_WEAK = YES;
				CLANG_WARN_BLOCK_CAPTURE_AUTORELEASING = YES;
				CLANG_WARN_BOOL_CONVERSION = YES;
				CLANG_WARN_COMMA = YES;
				CLANG_WARN_CONSTANT_CONVERSION = YES;
				CLANG_WARN_DEPRECATED_OBJC_IMPLEMENTATIONS = YES;
				CLANG_WARN_DIRECT_OBJC_ISA_USAGE = YES_ERROR;
				CLANG_WARN_DOCUMENTATION_COMMENTS = YES;
				CLANG_WARN_EMPTY_BODY = YES;
				CLANG_WARN_ENUM_CONVERSION = YES;
				CLANG_WARN_INFINITE_RECURSION = YES;
				CLANG_WARN_INT_CONVERSION = YES;
				CLANG_WARN_NON_LITERAL_NULL_CONVERSION = YES;
				CLANG_WARN_OBJC_IMPLICIT_RETAIN_SELF = YES;
				CLANG_WARN_OBJC_LITERAL_CONVERSION = YES;
				CLANG_WARN_OBJC_ROOT_CLASS = YES_ERROR;
				CLANG_WARN_QUOTED_INCLUDE_IN_FRAMEWORK_HEADER = YES;
				CLANG_WARN_RANGE_LOOP_ANALYSIS = YES;
				CLANG_WARN_STRICT_PROTOTYPES = YES;
				CLANG_WARN_SUSPICIOUS_MOVE = YES;
				CLANG_WARN_UNGUARDED_AVAILABILITY = YES_AGGRESSIVE;
				CLANG_WARN_UNREACHABLE_CODE = YES;
				CLANG_WARN__DUPLICATE_METHOD_MATCH = YES;
				COPY_PHASE_STRIP = NO;
				DEBUG_INFORMATION_FORMAT = dwarf;
				ENABLE_STRICT_OBJC_MSGSEND = YES;
				ENABLE_TESTABILITY = YES;
				ENABLE_USER_SCRIPT_SANDBOXING = YES;
				GCC_C_LANGUAGE_STANDARD = gnu17;
				GCC_DYNAMIC_NO_PIC = NO;
				GCC_NO_COMMON_BLOCKS = YES;
				GCC_OPTIMIZATION_LEVEL = 0;
				GCC_PREPROCESSOR_DEFINITIONS = (
					"DEBUG=1",
					"$(inherited)",
				);
				GCC_WARN_64_TO_32_BIT_CONVERSION = YES;
				GCC_WARN_ABOUT_RETURN_TYPE = YES_ERROR;
				GCC_WARN_UNDECLARED_SELECTOR = YES;
				GCC_WARN_UNINITIALIZED_AUTOS = YES_AGGRESSIVE;
				GCC_WARN_UNUSED_FUNCTION = YES;
				GCC_WARN_UNUSED_VARIABLE = YES;
				IPHONEOS_DEPLOYMENT_TARGET = 17.5;
				LOCALIZATION_PREFERS_STRING_CATALOGS = YES;
				MTL_ENABLE_DEBUG_INFO = INCLUDE_SOURCE;
				MTL_FAST_MATH = YES;
				ONLY_ACTIVE_ARCH = YES;
				SDKROOT = iphoneos;
				SWIFT_ACTIVE_COMPILATION_CONDITIONS = "DEBUG $(inherited)";
				SWIFT_OPTIMIZATION_LEVEL = "-Onone";
			};
			name = Debug;
		};
		84B74D6B2C27CC5B00DFDFD8 /* Release */ = {
			isa = XCBuildConfiguration;
			buildSettings = {
				ALWAYS_SEARCH_USER_PATHS = NO;
				ASSETCATALOG_COMPILER_GENERATE_SWIFT_ASSET_SYMBOL_EXTENSIONS = YES;
				CLANG_ANALYZER_NONNULL = YES;
				CLANG_ANALYZER_NUMBER_OBJECT_CONVERSION = YES_AGGRESSIVE;
				CLANG_CXX_LANGUAGE_STANDARD = "gnu++20";
				CLANG_ENABLE_MODULES = YES;
				CLANG_ENABLE_OBJC_ARC = YES;
				CLANG_ENABLE_OBJC_WEAK = YES;
				CLANG_WARN_BLOCK_CAPTURE_AUTORELEASING = YES;
				CLANG_WARN_BOOL_CONVERSION = YES;
				CLANG_WARN_COMMA = YES;
				CLANG_WARN_CONSTANT_CONVERSION = YES;
				CLANG_WARN_DEPRECATED_OBJC_IMPLEMENTATIONS = YES;
				CLANG_WARN_DIRECT_OBJC_ISA_USAGE = YES_ERROR;
				CLANG_WARN_DOCUMENTATION_COMMENTS = YES;
				CLANG_WARN_EMPTY_BODY = YES;
				CLANG_WARN_ENUM_CONVERSION = YES;
				CLANG_WARN_INFINITE_RECURSION = YES;
				CLANG_WARN_INT_CONVERSION = YES;
				CLANG_WARN_NON_LITERAL_NULL_CONVERSION = YES;
				CLANG_WARN_OBJC_IMPLICIT_RETAIN_SELF = YES;
				CLANG_WARN_OBJC_LITERAL_CONVERSION = YES;
				CLANG_WARN_OBJC_ROOT_CLASS = YES_ERROR;
				CLANG_WARN_QUOTED_INCLUDE_IN_FRAMEWORK_HEADER = YES;
				CLANG_WARN_RANGE_LOOP_ANALYSIS = YES;
				CLANG_WARN_STRICT_PROTOTYPES = YES;
				CLANG_WARN_SUSPICIOUS_MOVE = YES;
				CLANG_WARN_UNGUARDED_AVAILABILITY = YES_AGGRESSIVE;
				CLANG_WARN_UNREACHABLE_CODE = YES;
				CLANG_WARN__DUPLICATE_METHOD_MATCH = YES;
				COPY_PHASE_STRIP = NO;
				DEBUG_INFORMATION_FORMAT = "dwarf-with-dsym";
				ENABLE_NS_ASSERTIONS = NO;
				ENABLE_STRICT_OBJC_MSGSEND = YES;
				ENABLE_USER_SCRIPT_SANDBOXING = YES;
				GCC_C_LANGUAGE_STANDARD = gnu17;
				GCC_NO_COMMON_BLOCKS = YES;
				GCC_WARN_64_TO_32_BIT_CONVERSION = YES;
				GCC_WARN_ABOUT_RETURN_TYPE = YES_ERROR;
				GCC_WARN_UNDECLARED_SELECTOR = YES;
				GCC_WARN_UNINITIALIZED_AUTOS = YES_AGGRESSIVE;
				GCC_WARN_UNUSED_FUNCTION = YES;
				GCC_WARN_UNUSED_VARIABLE = YES;
				IPHONEOS_DEPLOYMENT_TARGET = 17.5;
				LOCALIZATION_PREFERS_STRING_CATALOGS = YES;
				MTL_ENABLE_DEBUG_INFO = NO;
				MTL_FAST_MATH = YES;
				SDKROOT = iphoneos;
				SWIFT_COMPILATION_MODE = wholemodule;
				VALIDATE_PRODUCT = YES;
			};
			name = Release;
		};
		84B74D6D2C27CC5B00DFDFD8 /* Debug */ = {
			isa = XCBuildConfiguration;
			buildSettings = {
				ASSETCATALOG_COMPILER_APPICON_NAME = AppIcon;
				ASSETCATALOG_COMPILER_GLOBAL_ACCENT_COLOR_NAME = AccentColor;
				CODE_SIGN_STYLE = Automatic;
				CURRENT_PROJECT_VERSION = 1;
				DEVELOPMENT_ASSET_PATHS = "\"project/Preview Content\"";
				ENABLE_PREVIEWS = YES;
				GENERATE_INFOPLIST_FILE = YES;
				INFOPLIST_KEY_UIApplicationSceneManifest_Generation = YES;
				INFOPLIST_KEY_UIApplicationSupportsIndirectInputEvents = YES;
				INFOPLIST_KEY_UILaunchScreen_Generation = YES;
				INFOPLIST_KEY_UISupportedInterfaceOrientations_iPad = "UIInterfaceOrientationPortrait UIInterfaceOrientationPortraitUpsideDown UIInterfaceOrientationLandscapeLeft UIInterfaceOrientationLandscapeRight";
				INFOPLIST_KEY_UISupportedInterfaceOrientations_iPhone = "UIInterfaceOrientationPortrait UIInterfaceOrientationLandscapeLeft UIInterfaceOrientationLandscapeRight";
				LD_RUNPATH_SEARCH_PATHS = (
					"$(inherited)",
					"@executable_path/Frameworks",
				);
				MARKETING_VERSION = 1.0;
				PRODUCT_BUNDLE_IDENTIFIER = tonkla.project;
				PRODUCT_NAME = "$(TARGET_NAME)";
				SWIFT_EMIT_LOC_STRINGS = YES;
				SWIFT_VERSION = 5.0;
				TARGETED_DEVICE_FAMILY = "1,2";
			};
			name = Debug;
		};
		84B74D6E2C27CC5B00DFDFD8 /* Release */ = {
			isa = XCBuildConfiguration;
			buildSettings = {
				ASSETCATALOG_COMPILER_APPICON_NAME = AppIcon;
				ASSETCATALOG_COMPILER_GLOBAL_ACCENT_COLOR_NAME = AccentColor;
				CODE_SIGN_STYLE = Automatic;
				CURRENT_PROJECT_VERSION = 1;
				DEVELOPMENT_ASSET_PATHS = "\"project/Preview Content\"";
				ENABLE_PREVIEWS = YES;
				GENERATE_INFOPLIST_FILE = YES;
				INFOPLIST_KEY_UIApplicationSceneManifest_Generation = YES;
				INFOPLIST_KEY_UIApplicationSupportsIndirectInputEvents = YES;
				INFOPLIST_KEY_UILaunchScreen_Generation = YES;
				INFOPLIST_KEY_UISupportedInterfaceOrientations_iPad = "UIInterfaceOrientationPortrait UIInterfaceOrientationPortraitUpsideDown UIInterfaceOrientationLandscapeLeft UIInterfaceOrientationLandscapeRight";
				INFOPLIST_KEY_UISupportedInterfaceOrientations_iPhone = "UIInterfaceOrientationPortrait UIInterfaceOrientationLandscapeLeft UIInterfaceOrientationLandscapeRight";
				LD_RUNPATH_SEARCH_PATHS = (
					"$(inherited)",
					"@executable_path/Frameworks",
				);
				MARKETING_VERSION = 1.0;
				PRODUCT_BUNDLE_IDENTIFIER = tonkla.project;
				PRODUCT_NAME = "$(TARGET_NAME)";
				SWIFT_EMIT_LOC_STRINGS = YES;
				SWIFT_VERSION = 5.0;
				TARGETED_DEVICE_FAMILY = "1,2";
			};
			name = Release;
		};
		84B74D702C27CC5B00DFDFD8 /* Debug */ = {
			isa = XCBuildConfiguration;
			buildSettings = {
				ALWAYS_EMBED_SWIFT_STANDARD_LIBRARIES = YES;
				BUNDLE_LOADER = "$(TEST_HOST)";
				CODE_SIGN_STYLE = Automatic;
				CURRENT_PROJECT_VERSION = 1;
				GENERATE_INFOPLIST_FILE = YES;
				IPHONEOS_DEPLOYMENT_TARGET = 17.5;
				MARKETING_VERSION = 1.0;
				PRODUCT_BUNDLE_IDENTIFIER = tonkla.projectTests;
				PRODUCT_NAME = "$(TARGET_NAME)";
				SWIFT_EMIT_LOC_STRINGS = NO;
				SWIFT_VERSION = 5.0;
				TARGETED_DEVICE_FAMILY = "1,2";
				TEST_HOST = "$(BUILT_PRODUCTS_DIR)/project.app/$(BUNDLE_EXECUTABLE_FOLDER_PATH)/project";
			};
			name = Debug;
		};
		84B74D712C27CC5B00DFDFD8 /* Release */ = {
			isa = XCBuildConfiguration;
			buildSettings = {
				ALWAYS_EMBED_SWIFT_STANDARD_LIBRARIES = YES;
				BUNDLE_LOADER = "$(TEST_HOST)";
				CODE_SIGN_STYLE = Automatic;
				CURRENT_PROJECT_VERSION = 1;
				GENERATE_INFOPLIST_FILE = YES;
				IPHONEOS_DEPLOYMENT_TARGET = 17.5;
				MARKETING_VERSION = 1.0;
				PRODUCT_BUNDLE_IDENTIFIER = tonkla.projectTests;
				PRODUCT_NAME = "$(TARGET_NAME)";
				SWIFT_EMIT_LOC_STRINGS = NO;
				SWIFT_VERSION = 5.0;
				TARGETED_DEVICE_FAMILY = "1,2";
				TEST_HOST = "$(BUILT_PRODUCTS_DIR)/project.app/$(BUNDLE_EXECUTABLE_FOLDER_PATH)/project";
			};
			name = Release;
		};
		84B74D732C27CC5B00DFDFD8 /* Debug */ = {
			isa = XCBuildConfiguration;
			buildSettings = {
				ALWAYS_EMBED_SWIFT_STANDARD_LIBRARIES = YES;
				CODE_SIGN_STYLE = Automatic;
				CURRENT_PROJECT_VERSION = 1;
				GENERATE_INFOPLIST_FILE = YES;
				MARKETING_VERSION = 1.0;
				PRODUCT_BUNDLE_IDENTIFIER = tonkla.projectUITests;
				PRODUCT_NAME = "$(TARGET_NAME)";
				SWIFT_EMIT_LOC_STRINGS = NO;
				SWIFT_VERSION = 5.0;
				TARGETED_DEVICE_FAMILY = "1,2";
				TEST_TARGET_NAME = project;
			};
			name = Debug;
		};
		84B74D742C27CC5B00DFDFD8 /* Release */ = {
			isa = XCBuildConfiguration;
			buildSettings = {
				ALWAYS_EMBED_SWIFT_STANDARD_LIBRARIES = YES;
				CODE_SIGN_STYLE = Automatic;
				CURRENT_PROJECT_VERSION = 1;
				GENERATE_INFOPLIST_FILE = YES;
				MARKETING_VERSION = 1.0;
				PRODUCT_BUNDLE_IDENTIFIER = tonkla.projectUITests;
				PRODUCT_NAME = "$(TARGET_NAME)";
				SWIFT_EMIT_LOC_STRINGS = NO;
				SWIFT_VERSION = 5.0;
				TARGETED_DEVICE_FAMILY = "1,2";
				TEST_TARGET_NAME = project;
			};
			name = Release;
		};
/* End XCBuildConfiguration section */

/* Begin XCConfigurationList section */
		84B74D432C27CC5A00DFDFD8 /* Build configuration list for PBXProject "project" */ = {
			isa = XCConfigurationList;
			buildConfigurations = (
				84B74D6A2C27CC5B00DFDFD8 /* Debug */,
				84B74D6B2C27CC5B00DFDFD8 /* Release */,
			);
			defaultConfigurationIsVisible = 0;
			defaultConfigurationName = Release;
		};
		84B74D6C2C27CC5B00DFDFD8 /* Build configuration list for PBXNativeTarget "project" */ = {
			isa = XCConfigurationList;
			buildConfigurations = (
				84B74D6D2C27CC5B00DFDFD8 /* Debug */,
				84B74D6E2C27CC5B00DFDFD8 /* Release */,
			);
			defaultConfigurationIsVisible = 0;
			defaultConfigurationName = Release;
		};
		84B74D6F2C27CC5B00DFDFD8 /* Build configuration list for PBXNativeTarget "projectTests" */ = {
			isa = XCConfigurationList;
			buildConfigurations = (
				84B74D702C27CC5B00DFDFD8 /* Debug */,
				84B74D712C27CC5B00DFDFD8 /* Release */,
			);
			defaultConfigurationIsVisible = 0;
			defaultConfigurationName = Release;
		};
		84B74D722C27CC5B00DFDFD8 /* Build configuration list for PBXNativeTarget "projectUITests" */ = {
			isa = XCConfigurationList;
			buildConfigurations = (
				84B74D732C27CC5B00DFDFD8 /* Debug */,
				84B74D742C27CC5B00DFDFD8 /* Release */,
			);
			defaultConfigurationIsVisible = 0;
			defaultConfigurationName = Release;
		};
/* End XCConfigurationList section */
	};
	rootObject = 84B74D402C27CC5A00DFDFD8 /* Project object */;
}
